
Microsoft Visual Studio Solution File, Format Version 12.00
# Visual Studio Version 17
VisualStudioVersion = 17.13.35716.79 d17.13
MinimumVisualStudioVersion = 10.0.40219.1
Project("{FAE04EC0-301F-11D3-BF4B-00C04F79EFBC}") = "EasySave", "EasySave\EasySave.csproj", "{D474830B-8740-4B9C-A645-18A968EF5E9E}"
EndProject
Global
	GlobalSection(SolutionConfigurationPlatforms) = preSolution
		Debug|Any CPU = Debug|Any CPU
		Release|Any CPU = Release|Any CPU
	EndGlobalSection
	GlobalSection(ProjectConfigurationPlatforms) = postSolution
		{D474830B-8740-4B9C-A645-18A968EF5E9E}.Debug|Any CPU.ActiveCfg = Debug|Any CPU
		{D474830B-8740-4B9C-A645-18A968EF5E9E}.Debug|Any CPU.Build.0 = Debug|Any CPU
		{D474830B-8740-4B9C-A645-18A968EF5E9E}.Release|Any CPU.ActiveCfg = Release|Any CPU
		{D474830B-8740-4B9C-A645-18A968EF5E9E}.Release|Any CPU.Build.0 = Release|Any CPU
	EndGlobalSection
	GlobalSection(SolutionProperties) = preSolution
		HideSolutionNode = FALSE
	EndGlobalSection
	GlobalSection(ExtensibilityGlobals) = postSolution
		SolutionGuid = {C8F32DCC-C1D3-4619-BC12-5EF7C1C97B66}
	EndGlobalSection
EndGlobal
