
Microsoft Visual Studio Solution File, Format Version 12.00
# Visual Studio Version 17
VisualStudioVersion = 17.13.35716.79
MinimumVisualStudioVersion = 10.0.40219.1
Project("{FAE04EC0-301F-11D3-BF4B-00C04F79EFBC}") = "EasySaveConsole", "EasySaveConsole\EasySaveConsole.csproj", "{1F1E2901-29D2-46D8-9098-BAFCDDDCDCDA}"
	ProjectSection(ProjectDependencies) = postProject
		{6504914F-8D52-44FE-852A-4D90EB143826} = {6504914F-8D52-44FE-852A-4D90EB143826}
		{7A80C36F-F980-44F9-AC42-B6496BDE7E4F} = {7A80C36F-F980-44F9-AC42-B6496BDE7E4F}
	EndProjectSection
EndProject
Project("{FAE04EC0-301F-11D3-BF4B-00C04F79EFBC}") = "EasySaveBusiness", "EasySaveBusiness\EasySaveBusiness.csproj", "{7A80C36F-F980-44F9-AC42-B6496BDE7E4F}"
EndProject
Project("{2150E333-8FDC-42A3-9474-1A3956D46DE8}") = "Éléments de solution", "Éléments de solution", "{9C8CB701-102D-CF49-A3E0-89AC09D42C2C}"
	ProjectSection(SolutionItems) = preProject
		cahier-des-charges.md = cahier-des-charges.md
	EndProjectSection
EndProject
Project("{FAE04EC0-301F-11D3-BF4B-00C04F79EFBC}") = "EasySave.Tests", "EasySave.Tests\EasySave.Tests.csproj", "{74169BC2-C7B0-4C4B-A312-A04CC874F798}"
EndProject
Project("{FAE04EC0-301F-11D3-BF4B-00C04F79EFBC}") = "EasySaveDesktop", "EasySaveDesktop\EasySaveDesktop.csproj", "{77BD3125-F4DC-4C2D-AC2B-589D6DB7D5AB}"
	ProjectSection(ProjectDependencies) = postProject
		{6504914F-8D52-44FE-852A-4D90EB143826} = {6504914F-8D52-44FE-852A-4D90EB143826}
		{7A80C36F-F980-44F9-AC42-B6496BDE7E4F} = {7A80C36F-F980-44F9-AC42-B6496BDE7E4F}
	EndProjectSection
EndProject
Project("{FAE04EC0-301F-11D3-BF4B-00C04F79EFBC}") = "EasySaveServer", "EasySaveServer\EasySaveServer.csproj", "{37A2203F-5104-420D-A478-76170CEE4F1C}"
	ProjectSection(ProjectDependencies) = postProject
		{7A80C36F-F980-44F9-AC42-B6496BDE7E4F} = {7A80C36F-F980-44F9-AC42-B6496BDE7E4F}
	EndProjectSection
EndProject
Project("{FAE04EC0-301F-11D3-BF4B-00C04F79EFBC}") = "EasySaveClient", "EasySaveClient\EasySaveClient.csproj", "{6504914F-8D52-44FE-852A-4D90EB143826}"
	ProjectSection(ProjectDependencies) = postProject
		{7A80C36F-F980-44F9-AC42-B6496BDE7E4F} = {7A80C36F-F980-44F9-AC42-B6496BDE7E4F}
	EndProjectSection
EndProject
Project("{B7DD6F7E-DEF8-4E67-B5B7-07EF123DB6F0}") = "EasySaveServerInstaller", "EasySaveServerInstaller\EasySaveServerInstaller.wixproj", "{A78CA502-64AC-49EB-B526-76E51F4C1D5A}"
EndProject
Project("{B7DD6F7E-DEF8-4E67-B5B7-07EF123DB6F0}") = "EasySaveDesktopInstaller", "EasySaveDesktopInstaller\EasySaveDesktopInstaller.wixproj", "{D62ABCE9-EC56-4105-BC20-B4C1314845DA}"
EndProject
Project("{B7DD6F7E-DEF8-4E67-B5B7-07EF123DB6F0}") = "EasySaveConsoleInstaller", "EasySaveConsoleInstaller\EasySaveConsoleInstaller.wixproj", "{84935E32-CFA6-4CB5-A1AE-7CAEDB68C6D5}"
	ProjectSection(ProjectDependencies) = postProject
		{1F1E2901-29D2-46D8-9098-BAFCDDDCDCDA} = {1F1E2901-29D2-46D8-9098-BAFCDDDCDCDA}
	EndProjectSection
EndProject
Project("{B7DD6F7E-DEF8-4E67-B5B7-07EF123DB6F0}") = "EasySaveBundleInstaller", "EasySaveBundleInstaller\EasySaveBundleInstaller.wixproj", "{865B7D61-82E4-48CE-81BF-645393797446}"
EndProject
Global
	GlobalSection(SolutionConfigurationPlatforms) = preSolution
		Debug|Any CPU = Debug|Any CPU
		Debug|ARM64 = Debug|ARM64
		Debug|x64 = Debug|x64
		Debug|x86 = Debug|x86
		Release|Any CPU = Release|Any CPU
		Release|ARM64 = Release|ARM64
		Release|x64 = Release|x64
		Release|x86 = Release|x86
	EndGlobalSection
	GlobalSection(ProjectConfigurationPlatforms) = postSolution
		{1F1E2901-29D2-46D8-9098-BAFCDDDCDCDA}.Debug|Any CPU.ActiveCfg = Debug|Any CPU
		{1F1E2901-29D2-46D8-9098-BAFCDDDCDCDA}.Debug|Any CPU.Build.0 = Debug|Any CPU
		{1F1E2901-29D2-46D8-9098-BAFCDDDCDCDA}.Debug|ARM64.ActiveCfg = Debug|Any CPU
		{1F1E2901-29D2-46D8-9098-BAFCDDDCDCDA}.Debug|ARM64.Build.0 = Debug|Any CPU
		{1F1E2901-29D2-46D8-9098-BAFCDDDCDCDA}.Debug|x64.ActiveCfg = Debug|Any CPU
		{1F1E2901-29D2-46D8-9098-BAFCDDDCDCDA}.Debug|x64.Build.0 = Debug|Any CPU
		{1F1E2901-29D2-46D8-9098-BAFCDDDCDCDA}.Debug|x86.ActiveCfg = Debug|Any CPU
		{1F1E2901-29D2-46D8-9098-BAFCDDDCDCDA}.Debug|x86.Build.0 = Debug|Any CPU
		{1F1E2901-29D2-46D8-9098-BAFCDDDCDCDA}.Release|Any CPU.ActiveCfg = Release|Any CPU
		{1F1E2901-29D2-46D8-9098-BAFCDDDCDCDA}.Release|Any CPU.Build.0 = Release|Any CPU
		{1F1E2901-29D2-46D8-9098-BAFCDDDCDCDA}.Release|ARM64.ActiveCfg = Release|Any CPU
		{1F1E2901-29D2-46D8-9098-BAFCDDDCDCDA}.Release|ARM64.Build.0 = Release|Any CPU
		{1F1E2901-29D2-46D8-9098-BAFCDDDCDCDA}.Release|x64.ActiveCfg = Release|Any CPU
		{1F1E2901-29D2-46D8-9098-BAFCDDDCDCDA}.Release|x64.Build.0 = Release|Any CPU
		{1F1E2901-29D2-46D8-9098-BAFCDDDCDCDA}.Release|x86.ActiveCfg = Release|Any CPU
		{1F1E2901-29D2-46D8-9098-BAFCDDDCDCDA}.Release|x86.Build.0 = Release|Any CPU
		{7A80C36F-F980-44F9-AC42-B6496BDE7E4F}.Debug|Any CPU.ActiveCfg = Debug|Any CPU
		{7A80C36F-F980-44F9-AC42-B6496BDE7E4F}.Debug|Any CPU.Build.0 = Debug|Any CPU
		{7A80C36F-F980-44F9-AC42-B6496BDE7E4F}.Debug|ARM64.ActiveCfg = Debug|Any CPU
		{7A80C36F-F980-44F9-AC42-B6496BDE7E4F}.Debug|ARM64.Build.0 = Debug|Any CPU
		{7A80C36F-F980-44F9-AC42-B6496BDE7E4F}.Debug|x64.ActiveCfg = Debug|Any CPU
		{7A80C36F-F980-44F9-AC42-B6496BDE7E4F}.Debug|x64.Build.0 = Debug|Any CPU
		{7A80C36F-F980-44F9-AC42-B6496BDE7E4F}.Debug|x86.ActiveCfg = Debug|Any CPU
		{7A80C36F-F980-44F9-AC42-B6496BDE7E4F}.Debug|x86.Build.0 = Debug|Any CPU
		{7A80C36F-F980-44F9-AC42-B6496BDE7E4F}.Release|Any CPU.ActiveCfg = Release|Any CPU
		{7A80C36F-F980-44F9-AC42-B6496BDE7E4F}.Release|Any CPU.Build.0 = Release|Any CPU
		{7A80C36F-F980-44F9-AC42-B6496BDE7E4F}.Release|ARM64.ActiveCfg = Release|Any CPU
		{7A80C36F-F980-44F9-AC42-B6496BDE7E4F}.Release|ARM64.Build.0 = Release|Any CPU
		{7A80C36F-F980-44F9-AC42-B6496BDE7E4F}.Release|x64.ActiveCfg = Release|Any CPU
		{7A80C36F-F980-44F9-AC42-B6496BDE7E4F}.Release|x64.Build.0 = Release|Any CPU
		{7A80C36F-F980-44F9-AC42-B6496BDE7E4F}.Release|x86.ActiveCfg = Release|Any CPU
		{7A80C36F-F980-44F9-AC42-B6496BDE7E4F}.Release|x86.Build.0 = Release|Any CPU
		{74169BC2-C7B0-4C4B-A312-A04CC874F798}.Debug|Any CPU.ActiveCfg = Debug|Any CPU
		{74169BC2-C7B0-4C4B-A312-A04CC874F798}.Debug|Any CPU.Build.0 = Debug|Any CPU
		{74169BC2-C7B0-4C4B-A312-A04CC874F798}.Debug|ARM64.ActiveCfg = Debug|Any CPU
		{74169BC2-C7B0-4C4B-A312-A04CC874F798}.Debug|ARM64.Build.0 = Debug|Any CPU
		{74169BC2-C7B0-4C4B-A312-A04CC874F798}.Debug|x64.ActiveCfg = Debug|Any CPU
		{74169BC2-C7B0-4C4B-A312-A04CC874F798}.Debug|x64.Build.0 = Debug|Any CPU
		{74169BC2-C7B0-4C4B-A312-A04CC874F798}.Debug|x86.ActiveCfg = Debug|Any CPU
		{74169BC2-C7B0-4C4B-A312-A04CC874F798}.Debug|x86.Build.0 = Debug|Any CPU
		{74169BC2-C7B0-4C4B-A312-A04CC874F798}.Release|Any CPU.ActiveCfg = Release|Any CPU
		{74169BC2-C7B0-4C4B-A312-A04CC874F798}.Release|Any CPU.Build.0 = Release|Any CPU
		{74169BC2-C7B0-4C4B-A312-A04CC874F798}.Release|ARM64.ActiveCfg = Release|Any CPU
		{74169BC2-C7B0-4C4B-A312-A04CC874F798}.Release|ARM64.Build.0 = Release|Any CPU
		{74169BC2-C7B0-4C4B-A312-A04CC874F798}.Release|x64.ActiveCfg = Release|Any CPU
		{74169BC2-C7B0-4C4B-A312-A04CC874F798}.Release|x64.Build.0 = Release|Any CPU
		{74169BC2-C7B0-4C4B-A312-A04CC874F798}.Release|x86.ActiveCfg = Release|Any CPU
		{74169BC2-C7B0-4C4B-A312-A04CC874F798}.Release|x86.Build.0 = Release|Any CPU
		{77BD3125-F4DC-4C2D-AC2B-589D6DB7D5AB}.Debug|Any CPU.ActiveCfg = Debug|Any CPU
		{77BD3125-F4DC-4C2D-AC2B-589D6DB7D5AB}.Debug|Any CPU.Build.0 = Debug|Any CPU
		{77BD3125-F4DC-4C2D-AC2B-589D6DB7D5AB}.Debug|ARM64.ActiveCfg = Debug|Any CPU
		{77BD3125-F4DC-4C2D-AC2B-589D6DB7D5AB}.Debug|ARM64.Build.0 = Debug|Any CPU
		{77BD3125-F4DC-4C2D-AC2B-589D6DB7D5AB}.Debug|x64.ActiveCfg = Debug|Any CPU
		{77BD3125-F4DC-4C2D-AC2B-589D6DB7D5AB}.Debug|x64.Build.0 = Debug|Any CPU
		{77BD3125-F4DC-4C2D-AC2B-589D6DB7D5AB}.Debug|x86.ActiveCfg = Debug|Any CPU
		{77BD3125-F4DC-4C2D-AC2B-589D6DB7D5AB}.Debug|x86.Build.0 = Debug|Any CPU
		{77BD3125-F4DC-4C2D-AC2B-589D6DB7D5AB}.Release|Any CPU.ActiveCfg = Release|Any CPU
		{77BD3125-F4DC-4C2D-AC2B-589D6DB7D5AB}.Release|Any CPU.Build.0 = Release|Any CPU
		{77BD3125-F4DC-4C2D-AC2B-589D6DB7D5AB}.Release|ARM64.ActiveCfg = Release|Any CPU
		{77BD3125-F4DC-4C2D-AC2B-589D6DB7D5AB}.Release|ARM64.Build.0 = Release|Any CPU
		{77BD3125-F4DC-4C2D-AC2B-589D6DB7D5AB}.Release|x64.ActiveCfg = Release|Any CPU
		{77BD3125-F4DC-4C2D-AC2B-589D6DB7D5AB}.Release|x64.Build.0 = Release|Any CPU
		{77BD3125-F4DC-4C2D-AC2B-589D6DB7D5AB}.Release|x86.ActiveCfg = Release|Any CPU
		{77BD3125-F4DC-4C2D-AC2B-589D6DB7D5AB}.Release|x86.Build.0 = Release|Any CPU
		{37A2203F-5104-420D-A478-76170CEE4F1C}.Debug|Any CPU.ActiveCfg = Debug|Any CPU
		{37A2203F-5104-420D-A478-76170CEE4F1C}.Debug|Any CPU.Build.0 = Debug|Any CPU
		{37A2203F-5104-420D-A478-76170CEE4F1C}.Debug|ARM64.ActiveCfg = Debug|Any CPU
		{37A2203F-5104-420D-A478-76170CEE4F1C}.Debug|ARM64.Build.0 = Debug|Any CPU
		{37A2203F-5104-420D-A478-76170CEE4F1C}.Debug|x64.ActiveCfg = Debug|Any CPU
		{37A2203F-5104-420D-A478-76170CEE4F1C}.Debug|x64.Build.0 = Debug|Any CPU
		{37A2203F-5104-420D-A478-76170CEE4F1C}.Debug|x86.ActiveCfg = Debug|Any CPU
		{37A2203F-5104-420D-A478-76170CEE4F1C}.Debug|x86.Build.0 = Debug|Any CPU
		{37A2203F-5104-420D-A478-76170CEE4F1C}.Release|Any CPU.ActiveCfg = Release|Any CPU
		{37A2203F-5104-420D-A478-76170CEE4F1C}.Release|Any CPU.Build.0 = Release|Any CPU
		{37A2203F-5104-420D-A478-76170CEE4F1C}.Release|ARM64.ActiveCfg = Release|Any CPU
		{37A2203F-5104-420D-A478-76170CEE4F1C}.Release|ARM64.Build.0 = Release|Any CPU
		{37A2203F-5104-420D-A478-76170CEE4F1C}.Release|x64.ActiveCfg = Release|Any CPU
		{37A2203F-5104-420D-A478-76170CEE4F1C}.Release|x64.Build.0 = Release|Any CPU
		{37A2203F-5104-420D-A478-76170CEE4F1C}.Release|x86.ActiveCfg = Release|Any CPU
		{37A2203F-5104-420D-A478-76170CEE4F1C}.Release|x86.Build.0 = Release|Any CPU
		{6504914F-8D52-44FE-852A-4D90EB143826}.Debug|Any CPU.ActiveCfg = Debug|Any CPU
		{6504914F-8D52-44FE-852A-4D90EB143826}.Debug|Any CPU.Build.0 = Debug|Any CPU
		{6504914F-8D52-44FE-852A-4D90EB143826}.Debug|ARM64.ActiveCfg = Debug|Any CPU
		{6504914F-8D52-44FE-852A-4D90EB143826}.Debug|ARM64.Build.0 = Debug|Any CPU
		{6504914F-8D52-44FE-852A-4D90EB143826}.Debug|x64.ActiveCfg = Debug|Any CPU
		{6504914F-8D52-44FE-852A-4D90EB143826}.Debug|x64.Build.0 = Debug|Any CPU
		{6504914F-8D52-44FE-852A-4D90EB143826}.Debug|x86.ActiveCfg = Debug|Any CPU
		{6504914F-8D52-44FE-852A-4D90EB143826}.Debug|x86.Build.0 = Debug|Any CPU
		{6504914F-8D52-44FE-852A-4D90EB143826}.Release|Any CPU.ActiveCfg = Release|Any CPU
		{6504914F-8D52-44FE-852A-4D90EB143826}.Release|Any CPU.Build.0 = Release|Any CPU
		{6504914F-8D52-44FE-852A-4D90EB143826}.Release|ARM64.ActiveCfg = Release|Any CPU
		{6504914F-8D52-44FE-852A-4D90EB143826}.Release|ARM64.Build.0 = Release|Any CPU
		{6504914F-8D52-44FE-852A-4D90EB143826}.Release|x64.ActiveCfg = Release|Any CPU
		{6504914F-8D52-44FE-852A-4D90EB143826}.Release|x64.Build.0 = Release|Any CPU
		{6504914F-8D52-44FE-852A-4D90EB143826}.Release|x86.ActiveCfg = Release|Any CPU
		{6504914F-8D52-44FE-852A-4D90EB143826}.Release|x86.Build.0 = Release|Any CPU
		{A78CA502-64AC-49EB-B526-76E51F4C1D5A}.Debug|Any CPU.ActiveCfg = Debug|x64
		{A78CA502-64AC-49EB-B526-76E51F4C1D5A}.Debug|Any CPU.Build.0 = Debug|x64
		{A78CA502-64AC-49EB-B526-76E51F4C1D5A}.Debug|ARM64.ActiveCfg = Debug|ARM64
		{A78CA502-64AC-49EB-B526-76E51F4C1D5A}.Debug|ARM64.Build.0 = Debug|ARM64
		{A78CA502-64AC-49EB-B526-76E51F4C1D5A}.Debug|x64.ActiveCfg = Debug|x64
		{A78CA502-64AC-49EB-B526-76E51F4C1D5A}.Debug|x64.Build.0 = Debug|x64
		{A78CA502-64AC-49EB-B526-76E51F4C1D5A}.Debug|x86.ActiveCfg = Debug|x86
		{A78CA502-64AC-49EB-B526-76E51F4C1D5A}.Debug|x86.Build.0 = Debug|x86
		{A78CA502-64AC-49EB-B526-76E51F4C1D5A}.Release|Any CPU.ActiveCfg = Release|x64
		{A78CA502-64AC-49EB-B526-76E51F4C1D5A}.Release|Any CPU.Build.0 = Release|x64
		{A78CA502-64AC-49EB-B526-76E51F4C1D5A}.Release|ARM64.ActiveCfg = Release|ARM64
		{A78CA502-64AC-49EB-B526-76E51F4C1D5A}.Release|ARM64.Build.0 = Release|ARM64
		{A78CA502-64AC-49EB-B526-76E51F4C1D5A}.Release|x64.ActiveCfg = Release|x64
		{A78CA502-64AC-49EB-B526-76E51F4C1D5A}.Release|x64.Build.0 = Release|x64
		{A78CA502-64AC-49EB-B526-76E51F4C1D5A}.Release|x86.ActiveCfg = Release|x86
		{A78CA502-64AC-49EB-B526-76E51F4C1D5A}.Release|x86.Build.0 = Release|x86
		{D62ABCE9-EC56-4105-BC20-B4C1314845DA}.Debug|Any CPU.ActiveCfg = Debug|x64
		{D62ABCE9-EC56-4105-BC20-B4C1314845DA}.Debug|Any CPU.Build.0 = Debug|x64
		{D62ABCE9-EC56-4105-BC20-B4C1314845DA}.Debug|ARM64.ActiveCfg = Debug|ARM64
		{D62ABCE9-EC56-4105-BC20-B4C1314845DA}.Debug|ARM64.Build.0 = Debug|ARM64
		{D62ABCE9-EC56-4105-BC20-B4C1314845DA}.Debug|x64.ActiveCfg = Debug|x64
		{D62ABCE9-EC56-4105-BC20-B4C1314845DA}.Debug|x64.Build.0 = Debug|x64
		{D62ABCE9-EC56-4105-BC20-B4C1314845DA}.Debug|x86.ActiveCfg = Debug|x86
		{D62ABCE9-EC56-4105-BC20-B4C1314845DA}.Debug|x86.Build.0 = Debug|x86
		{D62ABCE9-EC56-4105-BC20-B4C1314845DA}.Release|Any CPU.ActiveCfg = Release|x64
		{D62ABCE9-EC56-4105-BC20-B4C1314845DA}.Release|Any CPU.Build.0 = Release|x64
		{D62ABCE9-EC56-4105-BC20-B4C1314845DA}.Release|ARM64.ActiveCfg = Release|ARM64
		{D62ABCE9-EC56-4105-BC20-B4C1314845DA}.Release|ARM64.Build.0 = Release|ARM64
		{D62ABCE9-EC56-4105-BC20-B4C1314845DA}.Release|x64.ActiveCfg = Release|x64
		{D62ABCE9-EC56-4105-BC20-B4C1314845DA}.Release|x64.Build.0 = Release|x64
		{D62ABCE9-EC56-4105-BC20-B4C1314845DA}.Release|x86.ActiveCfg = Release|x86
		{D62ABCE9-EC56-4105-BC20-B4C1314845DA}.Release|x86.Build.0 = Release|x86
		{84935E32-CFA6-4CB5-A1AE-7CAEDB68C6D5}.Debug|Any CPU.ActiveCfg = Debug|x64
		{84935E32-CFA6-4CB5-A1AE-7CAEDB68C6D5}.Debug|Any CPU.Build.0 = Debug|x64
		{84935E32-CFA6-4CB5-A1AE-7CAEDB68C6D5}.Debug|ARM64.ActiveCfg = Debug|ARM64
		{84935E32-CFA6-4CB5-A1AE-7CAEDB68C6D5}.Debug|ARM64.Build.0 = Debug|ARM64
		{84935E32-CFA6-4CB5-A1AE-7CAEDB68C6D5}.Debug|x64.ActiveCfg = Debug|x64
		{84935E32-CFA6-4CB5-A1AE-7CAEDB68C6D5}.Debug|x64.Build.0 = Debug|x64
		{84935E32-CFA6-4CB5-A1AE-7CAEDB68C6D5}.Debug|x86.ActiveCfg = Debug|x86
		{84935E32-CFA6-4CB5-A1AE-7CAEDB68C6D5}.Debug|x86.Build.0 = Debug|x86
		{84935E32-CFA6-4CB5-A1AE-7CAEDB68C6D5}.Release|Any CPU.ActiveCfg = Release|x64
		{84935E32-CFA6-4CB5-A1AE-7CAEDB68C6D5}.Release|Any CPU.Build.0 = Release|x64
		{84935E32-CFA6-4CB5-A1AE-7CAEDB68C6D5}.Release|ARM64.ActiveCfg = Release|ARM64
		{84935E32-CFA6-4CB5-A1AE-7CAEDB68C6D5}.Release|ARM64.Build.0 = Release|ARM64
		{84935E32-CFA6-4CB5-A1AE-7CAEDB68C6D5}.Release|x64.ActiveCfg = Release|x64
		{84935E32-CFA6-4CB5-A1AE-7CAEDB68C6D5}.Release|x64.Build.0 = Release|x64
		{84935E32-CFA6-4CB5-A1AE-7CAEDB68C6D5}.Release|x86.ActiveCfg = Release|x86
		{84935E32-CFA6-4CB5-A1AE-7CAEDB68C6D5}.Release|x86.Build.0 = Release|x86
		{865B7D61-82E4-48CE-81BF-645393797446}.Debug|Any CPU.ActiveCfg = Debug|x64
		{865B7D61-82E4-48CE-81BF-645393797446}.Debug|Any CPU.Build.0 = Debug|x64
		{865B7D61-82E4-48CE-81BF-645393797446}.Debug|ARM64.ActiveCfg = Debug|ARM64
		{865B7D61-82E4-48CE-81BF-645393797446}.Debug|ARM64.Build.0 = Debug|ARM64
		{865B7D61-82E4-48CE-81BF-645393797446}.Debug|x64.ActiveCfg = Debug|x64
		{865B7D61-82E4-48CE-81BF-645393797446}.Debug|x64.Build.0 = Debug|x64
		{865B7D61-82E4-48CE-81BF-645393797446}.Debug|x86.ActiveCfg = Debug|x86
		{865B7D61-82E4-48CE-81BF-645393797446}.Debug|x86.Build.0 = Debug|x86
		{865B7D61-82E4-48CE-81BF-645393797446}.Release|Any CPU.ActiveCfg = Release|x64
		{865B7D61-82E4-48CE-81BF-645393797446}.Release|Any CPU.Build.0 = Release|x64
		{865B7D61-82E4-48CE-81BF-645393797446}.Release|ARM64.ActiveCfg = Release|ARM64
		{865B7D61-82E4-48CE-81BF-645393797446}.Release|ARM64.Build.0 = Release|ARM64
		{865B7D61-82E4-48CE-81BF-645393797446}.Release|x64.ActiveCfg = Release|x64
		{865B7D61-82E4-48CE-81BF-645393797446}.Release|x64.Build.0 = Release|x64
		{865B7D61-82E4-48CE-81BF-645393797446}.Release|x86.ActiveCfg = Release|x86
		{865B7D61-82E4-48CE-81BF-645393797446}.Release|x86.Build.0 = Release|x86
	EndGlobalSection
	GlobalSection(SolutionProperties) = preSolution
		HideSolutionNode = FALSE
	EndGlobalSection
	GlobalSection(ExtensibilityGlobals) = postSolution
		SolutionGuid = {01E5A8D9-D930-471B-9D4F-D16449D216BE}
	EndGlobalSection
EndGlobal
